
Microsoft Visual Studio Solution File, Format Version 12.00
# Visual Studio Version 17
VisualStudioVersion = 17.4.33122.133
MinimumVisualStudioVersion = 10.0.40219.1
Project("{FAE04EC0-301F-11D3-BF4B-00C04F79EFBC}") = "BoletoUtils", "lib\BoletoUtils\BoletoUtils.csproj", "{EC051CB8-0B4C-4DD7-81A6-6F5FB15DD81D}"
EndProject
Project("{FAE04EC0-301F-11D3-BF4B-00C04F79EFBC}") = "BancoUtils.Tests", "tests\BancoUtils.Tests\BancoUtils.Tests.csproj", "{32068A87-0A90-45A1-A6B2-F75D6A7B9550}"
EndProject
Global
	GlobalSection(SolutionConfigurationPlatforms) = preSolution
		Debug|Any CPU = Debug|Any CPU
		Release|Any CPU = Release|Any CPU
	EndGlobalSection
	GlobalSection(ProjectConfigurationPlatforms) = postSolution
		{EC051CB8-0B4C-4DD7-81A6-6F5FB15DD81D}.Debug|Any CPU.ActiveCfg = Debug|Any CPU
		{EC051CB8-0B4C-4DD7-81A6-6F5FB15DD81D}.Debug|Any CPU.Build.0 = Debug|Any CPU
		{EC051CB8-0B4C-4DD7-81A6-6F5FB15DD81D}.Release|Any CPU.ActiveCfg = Release|Any CPU
		{EC051CB8-0B4C-4DD7-81A6-6F5FB15DD81D}.Release|Any CPU.Build.0 = Release|Any CPU
		{32068A87-0A90-45A1-A6B2-F75D6A7B9550}.Debug|Any CPU.ActiveCfg = Debug|Any CPU
		{32068A87-0A90-45A1-A6B2-F75D6A7B9550}.Debug|Any CPU.Build.0 = Debug|Any CPU
		{32068A87-0A90-45A1-A6B2-F75D6A7B9550}.Release|Any CPU.ActiveCfg = Release|Any CPU
		{32068A87-0A90-45A1-A6B2-F75D6A7B9550}.Release|Any CPU.Build.0 = Release|Any CPU
	EndGlobalSection
	GlobalSection(SolutionProperties) = preSolution
		HideSolutionNode = FALSE
	EndGlobalSection
	GlobalSection(ExtensibilityGlobals) = postSolution
		SolutionGuid = {76803A60-AF4C-48AC-90BA-9551DA213812}
	EndGlobalSection
EndGlobal
